
Microsoft Visual Studio Solution File, Format Version 12.00
# Visual Studio 15
VisualStudioVersion = 15.0.26124.0
MinimumVisualStudioVersion = 15.0.26124.0
Project("{9A19103F-16F7-4668-BE54-9A1E7A4F7556}") = "SpotifyPlaylistFixer", "App\SpotifyPlaylistFixer.csproj", "{117BB17B-E647-410C-BAD0-84398882A4B1}"
EndProject
Project("{9A19103F-16F7-4668-BE54-9A1E7A4F7556}") = "SpotifyPlaylistFixer.Test", "Test\SpotifyPlaylistFixer.Test.csproj", "{352F34F6-AAC5-439C-AB65-AE21029A4861}"
EndProject
Global
	GlobalSection(SolutionConfigurationPlatforms) = preSolution
		Debug|Any CPU = Debug|Any CPU
		Debug|x64 = Debug|x64
		Debug|x86 = Debug|x86
		Release|Any CPU = Release|Any CPU
		Release|x64 = Release|x64
		Release|x86 = Release|x86
	EndGlobalSection
	GlobalSection(ProjectConfigurationPlatforms) = postSolution
		{117BB17B-E647-410C-BAD0-84398882A4B1}.Debug|Any CPU.ActiveCfg = Debug|Any CPU
		{117BB17B-E647-410C-BAD0-84398882A4B1}.Debug|Any CPU.Build.0 = Debug|Any CPU
		{117BB17B-E647-410C-BAD0-84398882A4B1}.Debug|x64.ActiveCfg = Debug|Any CPU
		{117BB17B-E647-410C-BAD0-84398882A4B1}.Debug|x64.Build.0 = Debug|Any CPU
		{117BB17B-E647-410C-BAD0-84398882A4B1}.Debug|x86.ActiveCfg = Debug|Any CPU
		{117BB17B-E647-410C-BAD0-84398882A4B1}.Debug|x86.Build.0 = Debug|Any CPU
		{117BB17B-E647-410C-BAD0-84398882A4B1}.Release|Any CPU.ActiveCfg = Release|Any CPU
		{117BB17B-E647-410C-BAD0-84398882A4B1}.Release|Any CPU.Build.0 = Release|Any CPU
		{117BB17B-E647-410C-BAD0-84398882A4B1}.Release|x64.ActiveCfg = Release|Any CPU
		{117BB17B-E647-410C-BAD0-84398882A4B1}.Release|x64.Build.0 = Release|Any CPU
		{117BB17B-E647-410C-BAD0-84398882A4B1}.Release|x86.ActiveCfg = Release|Any CPU
		{117BB17B-E647-410C-BAD0-84398882A4B1}.Release|x86.Build.0 = Release|Any CPU
		{352F34F6-AAC5-439C-AB65-AE21029A4861}.Debug|Any CPU.ActiveCfg = Debug|Any CPU
		{352F34F6-AAC5-439C-AB65-AE21029A4861}.Debug|Any CPU.Build.0 = Debug|Any CPU
		{352F34F6-AAC5-439C-AB65-AE21029A4861}.Debug|x64.ActiveCfg = Debug|Any CPU
		{352F34F6-AAC5-439C-AB65-AE21029A4861}.Debug|x64.Build.0 = Debug|Any CPU
		{352F34F6-AAC5-439C-AB65-AE21029A4861}.Debug|x86.ActiveCfg = Debug|Any CPU
		{352F34F6-AAC5-439C-AB65-AE21029A4861}.Debug|x86.Build.0 = Debug|Any CPU
		{352F34F6-AAC5-439C-AB65-AE21029A4861}.Release|Any CPU.ActiveCfg = Release|Any CPU
		{352F34F6-AAC5-439C-AB65-AE21029A4861}.Release|Any CPU.Build.0 = Release|Any CPU
		{352F34F6-AAC5-439C-AB65-AE21029A4861}.Release|x64.ActiveCfg = Release|Any CPU
		{352F34F6-AAC5-439C-AB65-AE21029A4861}.Release|x64.Build.0 = Release|Any CPU
		{352F34F6-AAC5-439C-AB65-AE21029A4861}.Release|x86.ActiveCfg = Release|Any CPU
		{352F34F6-AAC5-439C-AB65-AE21029A4861}.Release|x86.Build.0 = Release|Any CPU
	EndGlobalSection
	GlobalSection(SolutionProperties) = preSolution
		HideSolutionNode = FALSE
	EndGlobalSection
	GlobalSection(ExtensibilityGlobals) = postSolution
		SolutionGuid = {F4FBF12F-E742-4551-ADA8-AB51821B8B78}
	EndGlobalSection
EndGlobal
